github.com/Nivl/gomock-type-matcher v0.0.0-20171104231210-93c5ae6cf98c/go.mod h1:NqL+NvFaJv1TvqQD8/I2EEiD3+KGsAQ9L6i5oHuyud8=
github.com/golang/mock v1.0.0/go.mod h1:oTYuIxOrZwtPieC+H1uAHpcLFnEyAGVDL/k47Jfbm0A=
github.com/jmoiron/sqlx v0.0.0-20171020205521-3379e5993990/go.mod h1:IiEW3SEiiErVyFdH8NTuWjSifiEQKUoyK3LNqr2kCHU=
