# This file is autogenerated, do not edit; changes may be undone by the next 'dep ensure'.


[[projects]]
  branch = "master"
  name = "github.com/Nivl/gomock-type-matcher"
  packages = ["."]
  revision = "93c5ae6cf98cf42220895e780f15d6c3017a4174"

[[projects]]
  name = "github.com/golang/mock"
  packages = ["gomock"]
  revision = "13f360950a79f5864a972c786a10a50e44b69541"
  version = "v1.0.0"

[[projects]]
  branch = "master"
  name = "github.com/jmoiron/sqlx"
  packages = [".","reflectx"]
  revision = "3379e5993990b1f927fc8db926485e6f6becf2d2"

[solve-meta]
  analyzer-name = "dep"
  analyzer-version = 1
  inputs-digest = "143306d76bfb63a388f795c714692d65bb1342e879936ffefe388a00cbc5c45c"
  solver-name = "gps-cdcl"
  solver-version = 1
